{
  "name": "lb3-excellerify-crudgrid",
  "version": "0.1.1",
  "lockfileVersion": 1,
  "requires": true,
  "dependencies": {
    "loopback-common-errors": {
      "version": "0.0.4",
      "resolved": "https://registry.npmjs.org/loopback-common-errors/-/loopback-common-errors-0.0.4.tgz",
      "integrity": "sha1-5cSH0psgeV+MTFZjQ02r4ddNBfs="
    }
  }
}
